// !$*UTF8*$!
{
	archiveVersion = 1;
	classes = {
	};
	objectVersion = 48;
	objects = {

/* Begin PBXBuildFile section */
		A17C4D5A203F1EC70078E15E /* AppDelegate.swift in Sources */ = {isa = PBXBuildFile; fileRef = A17C4D59203F1EC70078E15E /* AppDelegate.swift */; };
		A17C4D5C203F1EC70078E15E /* ViewController.swift in Sources */ = {isa = PBXBuildFile; fileRef = A17C4D5B203F1EC70078E15E /* ViewController.swift */; };
		A17C4D5F203F1EC70078E15E /* Main.storyboard in Resources */ = {isa = PBXBuildFile; fileRef = A17C4D5D203F1EC70078E15E /* Main.storyboard */; };
		A17C4D61203F1EC70078E15E /* Assets.xcassets in Resources */ = {isa = PBXBuildFile; fileRef = A17C4D60203F1EC70078E15E /* Assets.xcassets */; };
		A17C4D64203F1EC70078E15E /* LaunchScreen.storyboard in Resources */ = {isa = PBXBuildFile; fileRef = A17C4D62203F1EC70078E15E /* LaunchScreen.storyboard */; };
		A1AB9307204725250066136C /* OutfitModel.swift in Sources */ = {isa = PBXBuildFile; fileRef = A1AB9306204725250066136C /* OutfitModel.swift */; };
		A1DE9F02203F551E00B16CEB /* HomeViewController.swift in Sources */ = {isa = PBXBuildFile; fileRef = A1DE9F01203F551E00B16CEB /* HomeViewController.swift */; };
/* End PBXBuildFile section */

/* Begin PBXFileReference section */
		A17C4D56203F1EC70078E15E /* freshfit.app */ = {isa = PBXFileReference; explicitFileType = wrapper.application; includeInIndex = 0; path = freshfit.app; sourceTree = BUILT_PRODUCTS_DIR; };
		A17C4D59203F1EC70078E15E /* AppDelegate.swift */ = {isa = PBXFileReference; lastKnownFileType = sourcecode.swift; path = AppDelegate.swift; sourceTree = "<group>"; };
		A17C4D5B203F1EC70078E15E /* ViewController.swift */ = {isa = PBXFileReference; lastKnownFileType = sourcecode.swift; path = ViewController.swift; sourceTree = "<group>"; };
		A17C4D5E203F1EC70078E15E /* Base */ = {isa = PBXFileReference; lastKnownFileType = file.storyboard; name = Base; path = Base.lproj/Main.storyboard; sourceTree = "<group>"; };
		A17C4D60203F1EC70078E15E /* Assets.xcassets */ = {isa = PBXFileReference; lastKnownFileType = folder.assetcatalog; path = Assets.xcassets; sourceTree = "<group>"; };
		A17C4D63203F1EC70078E15E /* Base */ = {isa = PBXFileReference; lastKnownFileType = file.storyboard; name = Base; path = Base.lproj/LaunchScreen.storyboard; sourceTree = "<group>"; };
		A17C4D65203F1EC70078E15E /* Info.plist */ = {isa = PBXFileReference; lastKnownFileType = text.plist.xml; path = Info.plist; sourceTree = "<group>"; };
		A1AB9306204725250066136C /* OutfitModel.swift */ = {isa = PBXFileReference; lastKnownFileType = sourcecode.swift; path = OutfitModel.swift; sourceTree = "<group>"; };
		A1DE9F01203F551E00B16CEB /* HomeViewController.swift */ = {isa = PBXFileReference; lastKnownFileType = sourcecode.swift; path = HomeViewController.swift; sourceTree = "<group>"; };
/* End PBXFileReference section */

/* Begin PBXFrameworksBuildPhase section */
		A17C4D53203F1EC70078E15E /* Frameworks */ = {
			isa = PBXFrameworksBuildPhase;
			buildActionMask = 2147483647;
			files = (
			);
			runOnlyForDeploymentPostprocessing = 0;
		};
/* End PBXFrameworksBuildPhase section */

/* Begin PBXGroup section */
		A17C4D4D203F1EC70078E15E = {
			isa = PBXGroup;
			children = (
				A17C4D58203F1EC70078E15E /* freshfit */,
				A17C4D57203F1EC70078E15E /* Products */,
			);
			sourceTree = "<group>";
		};
		A17C4D57203F1EC70078E15E /* Products */ = {
			isa = PBXGroup;
			children = (
				A17C4D56203F1EC70078E15E /* freshfit.app */,
			);
			name = Products;
			sourceTree = "<group>";
		};
		A17C4D58203F1EC70078E15E /* freshfit */ = {
			isa = PBXGroup;
			children = (
				A17C4D59203F1EC70078E15E /* AppDelegate.swift */,
				A17C4D5B203F1EC70078E15E /* ViewController.swift */,
				A17C4D5D203F1EC70078E15E /* Main.storyboard */,
				A17C4D60203F1EC70078E15E /* Assets.xcassets */,
				A17C4D62203F1EC70078E15E /* LaunchScreen.storyboard */,
				A17C4D65203F1EC70078E15E /* Info.plist */,
				A1DE9F01203F551E00B16CEB /* HomeViewController.swift */,
				A1AB9306204725250066136C /* OutfitModel.swift */,
			);
			path = freshfit;
			sourceTree = "<group>";
		};
/* End PBXGroup section */

/* Begin PBXNativeTarget section */
		A17C4D55203F1EC70078E15E /* freshfit */ = {
			isa = PBXNativeTarget;
			buildConfigurationList = A17C4D68203F1EC70078E15E /* Build configuration list for PBXNativeTarget "freshfit" */;
			buildPhases = (
				A17C4D52203F1EC70078E15E /* Sources */,
				A17C4D53203F1EC70078E15E /* Frameworks */,
				A17C4D54203F1EC70078E15E /* Resources */,
			);
			buildRules = (
			);
			dependencies = (
			);
			name = freshfit;
			productName = freshfit;
			productReference = A17C4D56203F1EC70078E15E /* freshfit.app */;
			productType = "com.apple.product-type.application";
		};
/* End PBXNativeTarget section */

/* Begin PBXProject section */
		A17C4D4E203F1EC70078E15E /* Project object */ = {
			isa = PBXProject;
			attributes = {
				LastSwiftUpdateCheck = 0920;
				LastUpgradeCheck = 0920;
				ORGANIZATIONNAME = FreshFit;
				TargetAttributes = {
					A17C4D55203F1EC70078E15E = {
						CreatedOnToolsVersion = 9.2;
						ProvisioningStyle = Automatic;
					};
				};
			};
			buildConfigurationList = A17C4D51203F1EC70078E15E /* Build configuration list for PBXProject "freshfit" */;
			compatibilityVersion = "Xcode 8.0";
			developmentRegion = en;
			hasScannedForEncodings = 0;
			knownRegions = (
				en,
				Base,
			);
			mainGroup = A17C4D4D203F1EC70078E15E;
			productRefGroup = A17C4D57203F1EC70078E15E /* Products */;
			projectDirPath = "";
			projectRoot = "";
			targets = (
				A17C4D55203F1EC70078E15E /* freshfit */,
			);
		};
/* End PBXProject section */

/* Begin PBXResourcesBuildPhase section */
		A17C4D54203F1EC70078E15E /* Resources */ = {
			isa = PBXResourcesBuildPhase;
			buildActionMask = 2147483647;
			files = (
				A17C4D64203F1EC70078E15E /* LaunchScreen.storyboard in Resources */,
				A17C4D61203F1EC70078E15E /* Assets.xcassets in Resources */,
				A17C4D5F203F1EC70078E15E /* Main.storyboard in Resources */,
			);
			runOnlyForDeploymentPostprocessing = 0;
		};
/* End PBXResourcesBuildPhase section */

/* Begin PBXSourcesBuildPhase section */
		A17C4D52203F1EC70078E15E /* Sources */ = {
			isa = PBXSourcesBuildPhase;
			buildActionMask = 2147483647;
			files = (
				A1AB9307204725250066136C /* OutfitModel.swift in Sources */,
				A17C4D5C203F1EC70078E15E /* ViewController.swift in Sources */,
				A17C4D5A203F1EC70078E15E /* AppDelegate.swift in Sources */,
				A1DE9F02203F551E00B16CEB /* HomeViewController.swift in Sources */,
			);
			runOnlyForDeploymentPostprocessing = 0;
		};
/* End PBXSourcesBuildPhase section */

/* Begin PBXVariantGroup section */
		A17C4D5D203F1EC70078E15E /* Main.storyboard */ = {
			isa = PBXVariantGroup;
			children = (
				A17C4D5E203F1EC70078E15E /* Base */,
			);
			name = Main.storyboard;
			sourceTree = "<group>";
		};
		A17C4D62203F1EC70078E15E /* LaunchScreen.storyboard */ = {
			isa = PBXVariantGroup;
			children = (
				A17C4D63203F1EC70078E15E /* Base */,
			);
			name = LaunchScreen.storyboard;
			sourceTree = "<group>";
		};
/* End PBXVariantGroup section */

/* Begin XCBuildConfiguration section */
		A17C4D66203F1EC70078E15E /* Debug */ = {
			isa = XCBuildConfiguration;
			buildSettings = {
				ALWAYS_SEARCH_USER_PATHS = NO;
				CLANG_ANALYZER_NONNULL = YES;
				CLANG_ANALYZER_NUMBER_OBJECT_CONVERSION = YES_AGGRESSIVE;
				CLANG_CXX_LANGUAGE_STANDARD = "gnu++14";
				CLANG_CXX_LIBRARY = "libc++";
				CLANG_ENABLE_MODULES = YES;
				CLANG_ENABLE_OBJC_ARC = YES;
				CLANG_WARN_BLOCK_CAPTURE_AUTORELEASING = YES;
				CLANG_WARN_BOOL_CONVERSION = YES;
				CLANG_WARN_COMMA = YES;
				CLANG_WARN_CONSTANT_CONVERSION = YES;
				CLANG_WARN_DIRECT_OBJC_ISA_USAGE = YES_ERROR;
				CLANG_WARN_DOCUMENTATION_COMMENTS = YES;
				CLANG_WARN_EMPTY_BODY = YES;
				CLANG_WARN_ENUM_CONVERSION = YES;
				CLANG_WARN_INFINITE_RECURSION = YES;
				CLANG_WARN_INT_CONVERSION = YES;
				CLANG_WARN_NON_LITERAL_NULL_CONVERSION = YES;
				CLANG_WARN_OBJC_LITERAL_CONVERSION = YES;
				CLANG_WARN_OBJC_ROOT_CLASS = YES_ERROR;
				CLANG_WARN_RANGE_LOOP_ANALYSIS = YES;
				CLANG_WARN_STRICT_PROTOTYPES = YES;
				CLANG_WARN_SUSPICIOUS_MOVE = YES;
				CLANG_WARN_UNGUARDED_AVAILABILITY = YES_AGGRESSIVE;
				CLANG_WARN_UNREACHABLE_CODE = YES;
				CLANG_WARN__DUPLICATE_METHOD_MATCH = YES;
				CODE_SIGN_IDENTITY = "iPhone Developer";
				COPY_PHASE_STRIP = NO;
				DEBUG_INFORMATION_FORMAT = dwarf;
				ENABLE_STRICT_OBJC_MSGSEND = YES;
				ENABLE_TESTABILITY = YES;
				GCC_C_LANGUAGE_STANDARD = gnu11;
				GCC_DYNAMIC_NO_PIC = NO;
				GCC_NO_COMMON_BLOCKS = YES;
				GCC_OPTIMIZATION_LEVEL = 0;
				GCC_PREPROCESSOR_DEFINITIONS = (
					"DEBUG=1",
					"$(inherited)",
				);
				GCC_WARN_64_TO_32_BIT_CONVERSION = YES;
				GCC_WARN_ABOUT_RETURN_TYPE = YES_ERROR;
				GCC_WARN_UNDECLARED_SELECTOR = YES;
				GCC_WARN_UNINITIALIZED_AUTOS = YES_AGGRESSIVE;
				GCC_WARN_UNUSED_FUNCTION = YES;
				GCC_WARN_UNUSED_VARIABLE = YES;
				IPHONEOS_DEPLOYMENT_TARGET = 11.2;
				MTL_ENABLE_DEBUG_INFO = YES;
				ONLY_ACTIVE_ARCH = YES;
				SDKROOT = iphoneos;
				SWIFT_ACTIVE_COMPILATION_CONDITIONS = DEBUG;
				SWIFT_OPTIMIZATION_LEVEL = "-Onone";
			};
			name = Debug;
		};
		A17C4D67203F1EC70078E15E /* Release */ = {
			isa = XCBuildConfiguration;
			buildSettings = {
				ALWAYS_SEARCH_USER_PATHS = NO;
				CLANG_ANALYZER_NONNULL = YES;
				CLANG_ANALYZER_NUMBER_OBJECT_CONVERSION = YES_AGGRESSIVE;
				CLANG_CXX_LANGUAGE_STANDARD = "gnu++14";
				CLANG_CXX_LIBRARY = "libc++";
				CLANG_ENABLE_MODULES = YES;
				CLANG_ENABLE_OBJC_ARC = YES;
				CLANG_WARN_BLOCK_CAPTURE_AUTORELEASING = YES;
				CLANG_WARN_BOOL_CONVERSION = YES;
				CLANG_WARN_COMMA = YES;
				CLANG_WARN_CONSTANT_CONVERSION = YES;
				CLANG_WARN_DIRECT_OBJC_ISA_USAGE = YES_ERROR;
				CLANG_WARN_DOCUMENTATION_COMMENTS = YES;
				CLANG_WARN_EMPTY_BODY = YES;
				CLANG_WARN_ENUM_CONVERSION = YES;
				CLANG_WARN_INFINITE_RECURSION = YES;
				CLANG_WARN_INT_CONVERSION = YES;
				CLANG_WARN_NON_LITERAL_NULL_CONVERSION = YES;
				CLANG_WARN_OBJC_LITERAL_CONVERSION = YES;
				CLANG_WARN_OBJC_ROOT_CLASS = YES_ERROR;
				CLANG_WARN_RANGE_LOOP_ANALYSIS = YES;
				CLANG_WARN_STRICT_PROTOTYPES = YES;
				CLANG_WARN_SUSPICIOUS_MOVE = YES;
				CLANG_WARN_UNGUARDED_AVAILABILITY = YES_AGGRESSIVE;
				CLANG_WARN_UNREACHABLE_CODE = YES;
				CLANG_WARN__DUPLICATE_METHOD_MATCH = YES;
				CODE_SIGN_IDENTITY = "iPhone Developer";
				COPY_PHASE_STRIP = NO;
				DEBUG_INFORMATION_FORMAT = "dwarf-with-dsym";
				ENABLE_NS_ASSERTIONS = NO;
				ENABLE_STRICT_OBJC_MSGSEND = YES;
				GCC_C_LANGUAGE_STANDARD = gnu11;
				GCC_NO_COMMON_BLOCKS = YES;
				GCC_WARN_64_TO_32_BIT_CONVERSION = YES;
				GCC_WARN_ABOUT_RETURN_TYPE = YES_ERROR;
				GCC_WARN_UNDECLARED_SELECTOR = YES;
				GCC_WARN_UNINITIALIZED_AUTOS = YES_AGGRESSIVE;
				GCC_WARN_UNUSED_FUNCTION = YES;
				GCC_WARN_UNUSED_VARIABLE = YES;
				IPHONEOS_DEPLOYMENT_TARGET = 11.2;
				MTL_ENABLE_DEBUG_INFO = NO;
				SDKROOT = iphoneos;
				SWIFT_OPTIMIZATION_LEVEL = "-Owholemodule";
				VALIDATE_PRODUCT = YES;
			};
			name = Release;
		};
		A17C4D69203F1EC70078E15E /* Debug */ = {
			isa = XCBuildConfiguration;
			buildSettings = {
				ASSETCATALOG_COMPILER_APPICON_NAME = AppIcon;
				CODE_SIGN_STYLE = Automatic;
				INFOPLIST_FILE = freshfit/Info.plist;
				LD_RUNPATH_SEARCH_PATHS = "$(inherited) @executable_path/Frameworks";
				PRODUCT_BUNDLE_IDENTIFIER = app.freshfit;
				PRODUCT_NAME = "$(TARGET_NAME)";
				SWIFT_VERSION = 4.0;
				TARGETED_DEVICE_FAMILY = "1,2";
			};
			name = Debug;
		};
		A17C4D6A203F1EC70078E15E /* Release */ = {
			isa = XCBuildConfiguration;
			buildSettings = {
				ASSETCATALOG_COMPILER_APPICON_NAME = AppIcon;
				CODE_SIGN_STYLE = Automatic;
				INFOPLIST_FILE = freshfit/Info.plist;
				LD_RUNPATH_SEARCH_PATHS = "$(inherited) @executable_path/Frameworks";
				PRODUCT_BUNDLE_IDENTIFIER = app.freshfit;
				PRODUCT_NAME = "$(TARGET_NAME)";
				SWIFT_VERSION = 4.0;
				TARGETED_DEVICE_FAMILY = "1,2";
			};
			name = Release;
		};
/* End XCBuildConfiguration section */

/* Begin XCConfigurationList section */
		A17C4D51203F1EC70078E15E /* Build configuration list for PBXProject "freshfit" */ = {
			isa = XCConfigurationList;
			buildConfigurations = (
				A17C4D66203F1EC70078E15E /* Debug */,
				A17C4D67203F1EC70078E15E /* Release */,
			);
			defaultConfigurationIsVisible = 0;
			defaultConfigurationName = Release;
		};
		A17C4D68203F1EC70078E15E /* Build configuration list for PBXNativeTarget "freshfit" */ = {
			isa = XCConfigurationList;
			buildConfigurations = (
				A17C4D69203F1EC70078E15E /* Debug */,
				A17C4D6A203F1EC70078E15E /* Release */,
			);
			defaultConfigurationIsVisible = 0;
			defaultConfigurationName = Release;
		};
/* End XCConfigurationList section */
	};
	rootObject = A17C4D4E203F1EC70078E15E /* Project object */;
}
